
Microsoft Visual Studio Solution File, Format Version 12.00
# Visual Studio Version 16
VisualStudioVersion = 16.0.31624.102
MinimumVisualStudioVersion = 10.0.40219.1
Project("{FAE04EC0-301F-11D3-BF4B-00C04F79EFBC}") = "Portfolio", "Portfolio.csproj", "{561B584D-CFDB-490C-9D6A-1262F0909D97}"
EndProject
Global
	GlobalSection(SolutionConfigurationPlatforms) = preSolution
		Debug|Any CPU = Debug|Any CPU
		Release|Any CPU = Release|Any CPU
	EndGlobalSection
	GlobalSection(ProjectConfigurationPlatforms) = postSolution
		{561B584D-CFDB-490C-9D6A-1262F0909D97}.Debug|Any CPU.ActiveCfg = Debug|Any CPU
		{561B584D-CFDB-490C-9D6A-1262F0909D97}.Debug|Any CPU.Build.0 = Debug|Any CPU
		{561B584D-CFDB-490C-9D6A-1262F0909D97}.Release|Any CPU.ActiveCfg = Release|Any CPU
		{561B584D-CFDB-490C-9D6A-1262F0909D97}.Release|Any CPU.Build.0 = Release|Any CPU
	EndGlobalSection
	GlobalSection(SolutionProperties) = preSolution
		HideSolutionNode = FALSE
	EndGlobalSection
	GlobalSection(ExtensibilityGlobals) = postSolution
		SolutionGuid = {E0E44F4D-ACDA-41B6-9A9E-09E56F27FB91}
	EndGlobalSection
EndGlobal
